
Microsoft Visual Studio Solution File, Format Version 12.00
# Visual Studio Version 16
VisualStudioVersion = 16.0.30011.22
MinimumVisualStudioVersion = 10.0.40219.1
Project("{9A19103F-16F7-4668-BE54-9A1E7A4F7556}") = "FlaUI.Fluent", "src\FlaUI.Fluent\FlaUI.Fluent.csproj", "{F95ECB30-6071-4451-9B2E-D4A15B667EA6}"
EndProject
Project("{2150E333-8FDC-42A3-9474-1A3956D46DE8}") = "Solution Items", "Solution Items", "{35C6C492-DDF6-4D25-954B-ADE2FCA10DA2}"
	ProjectSection(SolutionItems) = preProject
		.github\workflows\dotnetcore.yml = .github\workflows\dotnetcore.yml
	EndProjectSection
EndProject
Project("{9A19103F-16F7-4668-BE54-9A1E7A4F7556}") = "FlaUI.Fluent.Tests", "src\FlaUI.Fluent.Tests\FlaUI.Fluent.Tests.csproj", "{F8472CB8-403C-419F-852F-C6E22D7067AF}"
EndProject
Global
	GlobalSection(SolutionConfigurationPlatforms) = preSolution
		Debug|Any CPU = Debug|Any CPU
		Release|Any CPU = Release|Any CPU
	EndGlobalSection
	GlobalSection(ProjectConfigurationPlatforms) = postSolution
		{F95ECB30-6071-4451-9B2E-D4A15B667EA6}.Debug|Any CPU.ActiveCfg = Debug|Any CPU
		{F95ECB30-6071-4451-9B2E-D4A15B667EA6}.Debug|Any CPU.Build.0 = Debug|Any CPU
		{F95ECB30-6071-4451-9B2E-D4A15B667EA6}.Release|Any CPU.ActiveCfg = Release|Any CPU
		{F95ECB30-6071-4451-9B2E-D4A15B667EA6}.Release|Any CPU.Build.0 = Release|Any CPU
		{F8472CB8-403C-419F-852F-C6E22D7067AF}.Debug|Any CPU.ActiveCfg = Debug|Any CPU
		{F8472CB8-403C-419F-852F-C6E22D7067AF}.Debug|Any CPU.Build.0 = Debug|Any CPU
		{F8472CB8-403C-419F-852F-C6E22D7067AF}.Release|Any CPU.ActiveCfg = Release|Any CPU
		{F8472CB8-403C-419F-852F-C6E22D7067AF}.Release|Any CPU.Build.0 = Release|Any CPU
	EndGlobalSection
	GlobalSection(SolutionProperties) = preSolution
		HideSolutionNode = FALSE
	EndGlobalSection
	GlobalSection(ExtensibilityGlobals) = postSolution
		SolutionGuid = {3BE2CFD4-D15A-4E9C-B5D4-A71E129F9493}
	EndGlobalSection
EndGlobal
